# Written by 'cc-guides render' — do not edit.
schema = 1
version = "0.1.49"
artifacts = [".claude/settings.json", ".gitignore", ".mcp.json", ".pre-commit-config.yaml", "AGENTS.md", "CLAUDE.md", "scripts/install-binary.sh", "scripts/render-descriptor.sh"]

[sources.cc-skills]
spec = "github:yasyf/cc-skills@main"
commit = "97b173202c1c4ac251f6a206d20400ea91db2de9"
