# Written by 'cc-guides render' — do not edit.
schema = 1
version = "0.1.54"
artifacts = [".claude/settings.json", ".gitignore", ".mcp.json", ".pre-commit-config.yaml", "AGENTS.md", "CLAUDE.md", "scripts/install-binary.sh", "scripts/render-descriptor.sh"]

[sources.cc-skills]
spec = "github:yasyf/cc-skills@main"
commit = "881d2d18a4d2d4d1e978455ec17dd83c79d53fa1"
