# Written by 'cc-guides render' — do not edit.
schema = 1
version = "0.1.54"
artifacts = [".claude/settings.json", ".gitignore", ".mcp.json", ".pre-commit-config.yaml", "AGENTS.md", "CLAUDE.md", "scripts/install-binary.sh", "scripts/render-descriptor.sh"]

[sources.cc-skills]
spec = "github:yasyf/cc-skills@main"
commit = "e1bd9de71ffec13269ccb93f50ceef80992f0cd7"
